// !$*UTF8*$!
{
	archiveVersion = 1;
	classes = {
	};
	objectVersion = 46;
	objects = {

/* Begin PBXBuildFile section */
		6929278E1E57F44600F4E7BA /* AppDelegate.swift in Sources */ = {isa = PBXBuildFile; fileRef = 6929278D1E57F44600F4E7BA /* AppDelegate.swift */; };
		692927901E57F44600F4E7BA /* ViewController.swift in Sources */ = {isa = PBXBuildFile; fileRef = 6929278F1E57F44600F4E7BA /* ViewController.swift */; };
		692927961E57F44600F4E7BA /* MusicSearch.xcdatamodeld in Sources */ = {isa = PBXBuildFile; fileRef = 692927941E57F44600F4E7BA /* MusicSearch.xcdatamodeld */; };
		692927981E57F44600F4E7BA /* Assets.xcassets in Resources */ = {isa = PBXBuildFile; fileRef = 692927971E57F44600F4E7BA /* Assets.xcassets */; };
		6929279B1E57F44600F4E7BA /* LaunchScreen.storyboard in Resources */ = {isa = PBXBuildFile; fileRef = 692927991E57F44600F4E7BA /* LaunchScreen.storyboard */; };
		692927A61E57F44700F4E7BA /* MusicSearchTests.swift in Sources */ = {isa = PBXBuildFile; fileRef = 692927A51E57F44700F4E7BA /* MusicSearchTests.swift */; };
		692927B11E57F44700F4E7BA /* MusicSearchUITests.swift in Sources */ = {isa = PBXBuildFile; fileRef = 692927B01E57F44700F4E7BA /* MusicSearchUITests.swift */; };
		692927C91E57F96000F4E7BA /* SongAPIClientProtocol.swift in Sources */ = {isa = PBXBuildFile; fileRef = 692927C81E57F96000F4E7BA /* SongAPIClientProtocol.swift */; };
		692927CB1E57F97F00F4E7BA /* SongParseClientProtocol.swift in Sources */ = {isa = PBXBuildFile; fileRef = 692927CA1E57F97F00F4E7BA /* SongParseClientProtocol.swift */; };
		692927CE1E57FA9900F4E7BA /* ObjectGraphConfigurator.swift in Sources */ = {isa = PBXBuildFile; fileRef = 692927CD1E57FA9900F4E7BA /* ObjectGraphConfigurator.swift */; };
		692927D01E58041C00F4E7BA /* Song.swift in Sources */ = {isa = PBXBuildFile; fileRef = 692927CF1E58041C00F4E7BA /* Song.swift */; };
		692927D21E58081500F4E7BA /* Constants.swift in Sources */ = {isa = PBXBuildFile; fileRef = 692927D11E58081500F4E7BA /* Constants.swift */; };
		697A3DD61E58C365001130FB /* SongAPIClientRest.swift in Sources */ = {isa = PBXBuildFile; fileRef = 697A3DD31E58C365001130FB /* SongAPIClientRest.swift */; };
		697A3DD71E58C365001130FB /* SongParseClientJson.swift in Sources */ = {isa = PBXBuildFile; fileRef = 697A3DD41E58C365001130FB /* SongParseClientJson.swift */; };
		697A3DD81E58C365001130FB /* SongService.swift in Sources */ = {isa = PBXBuildFile; fileRef = 697A3DD51E58C365001130FB /* SongService.swift */; };
		697A3DDA1E58DD11001130FB /* SongListViewController.swift in Sources */ = {isa = PBXBuildFile; fileRef = 697A3DD91E58DD11001130FB /* SongListViewController.swift */; };
		697A3DDC1E58E0EB001130FB /* SongListTableDataSourceProtocol.swift in Sources */ = {isa = PBXBuildFile; fileRef = 697A3DDB1E58E0EB001130FB /* SongListTableDataSourceProtocol.swift */; };
		697A3DDE1E58E50E001130FB /* SongListTableDataSource.swift in Sources */ = {isa = PBXBuildFile; fileRef = 697A3DDD1E58E50E001130FB /* SongListTableDataSource.swift */; };
		697A3DE01E58E718001130FB /* SongListViewController.xib in Resources */ = {isa = PBXBuildFile; fileRef = 697A3DDF1E58E718001130FB /* SongListViewController.xib */; };
		697A3DE31E58E8C1001130FB /* SongCell.swift in Sources */ = {isa = PBXBuildFile; fileRef = 697A3DE21E58E8C1001130FB /* SongCell.swift */; };
		697A3DE51E58E9A8001130FB /* SongCell.xib in Resources */ = {isa = PBXBuildFile; fileRef = 697A3DE41E58E9A8001130FB /* SongCell.xib */; };
		697A3DE81E59094E001130FB /* ImageDownloader.swift in Sources */ = {isa = PBXBuildFile; fileRef = 697A3DE71E59094E001130FB /* ImageDownloader.swift */; };
/* End PBXBuildFile section */

/* Begin PBXContainerItemProxy section */
		692927A21E57F44700F4E7BA /* PBXContainerItemProxy */ = {
			isa = PBXContainerItemProxy;
			containerPortal = 692927821E57F44600F4E7BA /* Project object */;
			proxyType = 1;
			remoteGlobalIDString = 692927891E57F44600F4E7BA;
			remoteInfo = MusicSearch;
		};
		692927AD1E57F44700F4E7BA /* PBXContainerItemProxy */ = {
			isa = PBXContainerItemProxy;
			containerPortal = 692927821E57F44600F4E7BA /* Project object */;
			proxyType = 1;
			remoteGlobalIDString = 692927891E57F44600F4E7BA;
			remoteInfo = MusicSearch;
		};
/* End PBXContainerItemProxy section */

/* Begin PBXFileReference section */
		6929278A1E57F44600F4E7BA /* MusicSearch.app */ = {isa = PBXFileReference; explicitFileType = wrapper.application; includeInIndex = 0; path = MusicSearch.app; sourceTree = BUILT_PRODUCTS_DIR; };
		6929278D1E57F44600F4E7BA /* AppDelegate.swift */ = {isa = PBXFileReference; lastKnownFileType = sourcecode.swift; path = AppDelegate.swift; sourceTree = "<group>"; };
		6929278F1E57F44600F4E7BA /* ViewController.swift */ = {isa = PBXFileReference; lastKnownFileType = sourcecode.swift; path = ViewController.swift; sourceTree = "<group>"; };
		692927951E57F44600F4E7BA /* MusicSearch.xcdatamodel */ = {isa = PBXFileReference; lastKnownFileType = wrapper.xcdatamodel; path = MusicSearch.xcdatamodel; sourceTree = "<group>"; };
		692927971E57F44600F4E7BA /* Assets.xcassets */ = {isa = PBXFileReference; lastKnownFileType = folder.assetcatalog; path = Assets.xcassets; sourceTree = "<group>"; };
		6929279A1E57F44600F4E7BA /* Base */ = {isa = PBXFileReference; lastKnownFileType = file.storyboard; name = Base; path = Base.lproj/LaunchScreen.storyboard; sourceTree = "<group>"; };
		6929279C1E57F44600F4E7BA /* Info.plist */ = {isa = PBXFileReference; lastKnownFileType = text.plist.xml; path = Info.plist; sourceTree = "<group>"; };
		692927A11E57F44700F4E7BA /* MusicSearchTests.xctest */ = {isa = PBXFileReference; explicitFileType = wrapper.cfbundle; includeInIndex = 0; path = MusicSearchTests.xctest; sourceTree = BUILT_PRODUCTS_DIR; };
		692927A51E57F44700F4E7BA /* MusicSearchTests.swift */ = {isa = PBXFileReference; lastKnownFileType = sourcecode.swift; path = MusicSearchTests.swift; sourceTree = "<group>"; };
		692927A71E57F44700F4E7BA /* Info.plist */ = {isa = PBXFileReference; lastKnownFileType = text.plist.xml; path = Info.plist; sourceTree = "<group>"; };
		692927AC1E57F44700F4E7BA /* MusicSearchUITests.xctest */ = {isa = PBXFileReference; explicitFileType = wrapper.cfbundle; includeInIndex = 0; path = MusicSearchUITests.xctest; sourceTree = BUILT_PRODUCTS_DIR; };
		692927B01E57F44700F4E7BA /* MusicSearchUITests.swift */ = {isa = PBXFileReference; lastKnownFileType = sourcecode.swift; path = MusicSearchUITests.swift; sourceTree = "<group>"; };
		692927B21E57F44700F4E7BA /* Info.plist */ = {isa = PBXFileReference; lastKnownFileType = text.plist.xml; path = Info.plist; sourceTree = "<group>"; };
		692927C81E57F96000F4E7BA /* SongAPIClientProtocol.swift */ = {isa = PBXFileReference; fileEncoding = 4; lastKnownFileType = sourcecode.swift; path = SongAPIClientProtocol.swift; sourceTree = "<group>"; };
		692927CA1E57F97F00F4E7BA /* SongParseClientProtocol.swift */ = {isa = PBXFileReference; fileEncoding = 4; lastKnownFileType = sourcecode.swift; path = SongParseClientProtocol.swift; sourceTree = "<group>"; };
		692927CD1E57FA9900F4E7BA /* ObjectGraphConfigurator.swift */ = {isa = PBXFileReference; fileEncoding = 4; lastKnownFileType = sourcecode.swift; path = ObjectGraphConfigurator.swift; sourceTree = "<group>"; };
		692927CF1E58041C00F4E7BA /* Song.swift */ = {isa = PBXFileReference; fileEncoding = 4; lastKnownFileType = sourcecode.swift; path = Song.swift; sourceTree = "<group>"; };
		692927D11E58081500F4E7BA /* Constants.swift */ = {isa = PBXFileReference; fileEncoding = 4; lastKnownFileType = sourcecode.swift; path = Constants.swift; sourceTree = "<group>"; };
		697A3DD31E58C365001130FB /* SongAPIClientRest.swift */ = {isa = PBXFileReference; fileEncoding = 4; lastKnownFileType = sourcecode.swift; path = SongAPIClientRest.swift; sourceTree = "<group>"; };
		697A3DD41E58C365001130FB /* SongParseClientJson.swift */ = {isa = PBXFileReference; fileEncoding = 4; lastKnownFileType = sourcecode.swift; path = SongParseClientJson.swift; sourceTree = "<group>"; };
		697A3DD51E58C365001130FB /* SongService.swift */ = {isa = PBXFileReference; fileEncoding = 4; lastKnownFileType = sourcecode.swift; path = SongService.swift; sourceTree = "<group>"; };
		697A3DD91E58DD11001130FB /* SongListViewController.swift */ = {isa = PBXFileReference; fileEncoding = 4; lastKnownFileType = sourcecode.swift; path = SongListViewController.swift; sourceTree = "<group>"; };
		697A3DDB1E58E0EB001130FB /* SongListTableDataSourceProtocol.swift */ = {isa = PBXFileReference; fileEncoding = 4; lastKnownFileType = sourcecode.swift; path = SongListTableDataSourceProtocol.swift; sourceTree = "<group>"; };
		697A3DDD1E58E50E001130FB /* SongListTableDataSource.swift */ = {isa = PBXFileReference; fileEncoding = 4; lastKnownFileType = sourcecode.swift; path = SongListTableDataSource.swift; sourceTree = "<group>"; };
		697A3DDF1E58E718001130FB /* SongListViewController.xib */ = {isa = PBXFileReference; fileEncoding = 4; lastKnownFileType = file.xib; path = SongListViewController.xib; sourceTree = "<group>"; };
		697A3DE21E58E8C1001130FB /* SongCell.swift */ = {isa = PBXFileReference; fileEncoding = 4; lastKnownFileType = sourcecode.swift; path = SongCell.swift; sourceTree = "<group>"; };
		697A3DE41E58E9A8001130FB /* SongCell.xib */ = {isa = PBXFileReference; fileEncoding = 4; lastKnownFileType = file.xib; path = SongCell.xib; sourceTree = "<group>"; };
		697A3DE71E59094E001130FB /* ImageDownloader.swift */ = {isa = PBXFileReference; fileEncoding = 4; lastKnownFileType = sourcecode.swift; path = ImageDownloader.swift; sourceTree = "<group>"; };
/* End PBXFileReference section */

/* Begin PBXFrameworksBuildPhase section */
		692927871E57F44600F4E7BA /* Frameworks */ = {
			isa = PBXFrameworksBuildPhase;
			buildActionMask = 2147483647;
			files = (
			);
			runOnlyForDeploymentPostprocessing = 0;
		};
		6929279E1E57F44700F4E7BA /* Frameworks */ = {
			isa = PBXFrameworksBuildPhase;
			buildActionMask = 2147483647;
			files = (
			);
			runOnlyForDeploymentPostprocessing = 0;
		};
		692927A91E57F44700F4E7BA /* Frameworks */ = {
			isa = PBXFrameworksBuildPhase;
			buildActionMask = 2147483647;
			files = (
			);
			runOnlyForDeploymentPostprocessing = 0;
		};
/* End PBXFrameworksBuildPhase section */

/* Begin PBXGroup section */
		692927811E57F44600F4E7BA = {
			isa = PBXGroup;
			children = (
				6929278C1E57F44600F4E7BA /* MusicSearch */,
				692927A41E57F44700F4E7BA /* MusicSearchTests */,
				692927AF1E57F44700F4E7BA /* MusicSearchUITests */,
				6929278B1E57F44600F4E7BA /* Products */,
			);
			sourceTree = "<group>";
		};
		6929278B1E57F44600F4E7BA /* Products */ = {
			isa = PBXGroup;
			children = (
				6929278A1E57F44600F4E7BA /* MusicSearch.app */,
				692927A11E57F44700F4E7BA /* MusicSearchTests.xctest */,
				692927AC1E57F44700F4E7BA /* MusicSearchUITests.xctest */,
			);
			name = Products;
			sourceTree = "<group>";
		};
		6929278C1E57F44600F4E7BA /* MusicSearch */ = {
			isa = PBXGroup;
			children = (
				697A3DE61E590117001130FB /* Third Party */,
				692927CC1E57FA1500F4E7BA /* DependencyInjector */,
				692927BE1E57F6D100F4E7BA /* Music */,
				6929278D1E57F44600F4E7BA /* AppDelegate.swift */,
				6929278F1E57F44600F4E7BA /* ViewController.swift */,
				692927971E57F44600F4E7BA /* Assets.xcassets */,
				692927991E57F44600F4E7BA /* LaunchScreen.storyboard */,
				6929279C1E57F44600F4E7BA /* Info.plist */,
				692927941E57F44600F4E7BA /* MusicSearch.xcdatamodeld */,
				692927D11E58081500F4E7BA /* Constants.swift */,
			);
			path = MusicSearch;
			sourceTree = "<group>";
		};
		692927A41E57F44700F4E7BA /* MusicSearchTests */ = {
			isa = PBXGroup;
			children = (
				692927A51E57F44700F4E7BA /* MusicSearchTests.swift */,
				692927A71E57F44700F4E7BA /* Info.plist */,
			);
			path = MusicSearchTests;
			sourceTree = "<group>";
		};
		692927AF1E57F44700F4E7BA /* MusicSearchUITests */ = {
			isa = PBXGroup;
			children = (
				692927B01E57F44700F4E7BA /* MusicSearchUITests.swift */,
				692927B21E57F44700F4E7BA /* Info.plist */,
			);
			path = MusicSearchUITests;
			sourceTree = "<group>";
		};
		692927BE1E57F6D100F4E7BA /* Music */ = {
			isa = PBXGroup;
			children = (
				692927C11E57F70500F4E7BA /* Controller */,
				692927C01E57F6FF00F4E7BA /* View */,
				692927BF1E57F6F700F4E7BA /* Model */,
			);
			path = Music;
			sourceTree = "<group>";
		};
		692927BF1E57F6F700F4E7BA /* Model */ = {
			isa = PBXGroup;
			children = (
				692927C51E57F72A00F4E7BA /* Services Impl */,
				692927C41E57F72300F4E7BA /* Domain Objects */,
				692927C21E57F70F00F4E7BA /* Services Interface */,
			);
			path = Model;
			sourceTree = "<group>";
		};
		692927C01E57F6FF00F4E7BA /* View */ = {
			isa = PBXGroup;
			children = (
				697A3DE11E58E8A5001130FB /* Custom Cells */,
				697A3DDF1E58E718001130FB /* SongListViewController.xib */,
			);
			path = View;
			sourceTree = "<group>";
		};
		692927C11E57F70500F4E7BA /* Controller */ = {
			isa = PBXGroup;
			children = (
				697A3DD91E58DD11001130FB /* SongListViewController.swift */,
				697A3DDB1E58E0EB001130FB /* SongListTableDataSourceProtocol.swift */,
				697A3DDD1E58E50E001130FB /* SongListTableDataSource.swift */,
			);
			path = Controller;
			sourceTree = "<group>";
		};
		692927C21E57F70F00F4E7BA /* Services Interface */ = {
			isa = PBXGroup;
			children = (
				692927C81E57F96000F4E7BA /* SongAPIClientProtocol.swift */,
				692927CA1E57F97F00F4E7BA /* SongParseClientProtocol.swift */,
			);
			path = "Services Interface";
			sourceTree = "<group>";
		};
		692927C41E57F72300F4E7BA /* Domain Objects */ = {
			isa = PBXGroup;
			children = (
				692927CF1E58041C00F4E7BA /* Song.swift */,
			);
			path = "Domain Objects";
			sourceTree = "<group>";
		};
		692927C51E57F72A00F4E7BA /* Services Impl */ = {
			isa = PBXGroup;
			children = (
				697A3DD31E58C365001130FB /* SongAPIClientRest.swift */,
				697A3DD41E58C365001130FB /* SongParseClientJson.swift */,
				697A3DD51E58C365001130FB /* SongService.swift */,
				697A3DE71E59094E001130FB /* ImageDownloader.swift */,
			);
			path = "Services Impl";
			sourceTree = "<group>";
		};
		692927CC1E57FA1500F4E7BA /* DependencyInjector */ = {
			isa = PBXGroup;
			children = (
				692927CD1E57FA9900F4E7BA /* ObjectGraphConfigurator.swift */,
			);
			path = DependencyInjector;
			sourceTree = "<group>";
		};
		697A3DE11E58E8A5001130FB /* Custom Cells */ = {
			isa = PBXGroup;
			children = (
				697A3DE21E58E8C1001130FB /* SongCell.swift */,
				697A3DE41E58E9A8001130FB /* SongCell.xib */,
			);
			name = "Custom Cells";
			sourceTree = "<group>";
		};
		697A3DE61E590117001130FB /* Third Party */ = {
			isa = PBXGroup;
			children = (
			);
			path = "Third Party";
			sourceTree = "<group>";
		};
/* End PBXGroup section */

/* Begin PBXNativeTarget section */
		692927891E57F44600F4E7BA /* MusicSearch */ = {
			isa = PBXNativeTarget;
			buildConfigurationList = 692927B51E57F44700F4E7BA /* Build configuration list for PBXNativeTarget "MusicSearch" */;
			buildPhases = (
				692927861E57F44600F4E7BA /* Sources */,
				692927871E57F44600F4E7BA /* Frameworks */,
				692927881E57F44600F4E7BA /* Resources */,
			);
			buildRules = (
			);
			dependencies = (
			);
			name = MusicSearch;
			productName = MusicSearch;
			productReference = 6929278A1E57F44600F4E7BA /* MusicSearch.app */;
			productType = "com.apple.product-type.application";
		};
		692927A01E57F44700F4E7BA /* MusicSearchTests */ = {
			isa = PBXNativeTarget;
			buildConfigurationList = 692927B81E57F44700F4E7BA /* Build configuration list for PBXNativeTarget "MusicSearchTests" */;
			buildPhases = (
				6929279D1E57F44700F4E7BA /* Sources */,
				6929279E1E57F44700F4E7BA /* Frameworks */,
				6929279F1E57F44700F4E7BA /* Resources */,
			);
			buildRules = (
			);
			dependencies = (
				692927A31E57F44700F4E7BA /* PBXTargetDependency */,
			);
			name = MusicSearchTests;
			productName = MusicSearchTests;
			productReference = 692927A11E57F44700F4E7BA /* MusicSearchTests.xctest */;
			productType = "com.apple.product-type.bundle.unit-test";
		};
		692927AB1E57F44700F4E7BA /* MusicSearchUITests */ = {
			isa = PBXNativeTarget;
			buildConfigurationList = 692927BB1E57F44700F4E7BA /* Build configuration list for PBXNativeTarget "MusicSearchUITests" */;
			buildPhases = (
				692927A81E57F44700F4E7BA /* Sources */,
				692927A91E57F44700F4E7BA /* Frameworks */,
				692927AA1E57F44700F4E7BA /* Resources */,
			);
			buildRules = (
			);
			dependencies = (
				692927AE1E57F44700F4E7BA /* PBXTargetDependency */,
			);
			name = MusicSearchUITests;
			productName = MusicSearchUITests;
			productReference = 692927AC1E57F44700F4E7BA /* MusicSearchUITests.xctest */;
			productType = "com.apple.product-type.bundle.ui-testing";
		};
/* End PBXNativeTarget section */

/* Begin PBXProject section */
		692927821E57F44600F4E7BA /* Project object */ = {
			isa = PBXProject;
			attributes = {
				LastSwiftUpdateCheck = 0820;
				LastUpgradeCheck = 0820;
				ORGANIZATIONNAME = JPMC;
				TargetAttributes = {
					692927891E57F44600F4E7BA = {
						CreatedOnToolsVersion = 8.2.1;
						ProvisioningStyle = Automatic;
					};
					692927A01E57F44700F4E7BA = {
						CreatedOnToolsVersion = 8.2.1;
						ProvisioningStyle = Automatic;
						TestTargetID = 692927891E57F44600F4E7BA;
					};
					692927AB1E57F44700F4E7BA = {
						CreatedOnToolsVersion = 8.2.1;
						ProvisioningStyle = Automatic;
						TestTargetID = 692927891E57F44600F4E7BA;
					};
				};
			};
			buildConfigurationList = 692927851E57F44600F4E7BA /* Build configuration list for PBXProject "MusicSearch" */;
			compatibilityVersion = "Xcode 3.2";
			developmentRegion = English;
			hasScannedForEncodings = 0;
			knownRegions = (
				en,
				Base,
			);
			mainGroup = 692927811E57F44600F4E7BA;
			productRefGroup = 6929278B1E57F44600F4E7BA /* Products */;
			projectDirPath = "";
			projectRoot = "";
			targets = (
				692927891E57F44600F4E7BA /* MusicSearch */,
				692927A01E57F44700F4E7BA /* MusicSearchTests */,
				692927AB1E57F44700F4E7BA /* MusicSearchUITests */,
			);
		};
/* End PBXProject section */

/* Begin PBXResourcesBuildPhase section */
		692927881E57F44600F4E7BA /* Resources */ = {
			isa = PBXResourcesBuildPhase;
			buildActionMask = 2147483647;
			files = (
				6929279B1E57F44600F4E7BA /* LaunchScreen.storyboard in Resources */,
				697A3DE51E58E9A8001130FB /* SongCell.xib in Resources */,
				697A3DE01E58E718001130FB /* SongListViewController.xib in Resources */,
				692927981E57F44600F4E7BA /* Assets.xcassets in Resources */,
			);
			runOnlyForDeploymentPostprocessing = 0;
		};
		6929279F1E57F44700F4E7BA /* Resources */ = {
			isa = PBXResourcesBuildPhase;
			buildActionMask = 2147483647;
			files = (
			);
			runOnlyForDeploymentPostprocessing = 0;
		};
		692927AA1E57F44700F4E7BA /* Resources */ = {
			isa = PBXResourcesBuildPhase;
			buildActionMask = 2147483647;
			files = (
			);
			runOnlyForDeploymentPostprocessing = 0;
		};
/* End PBXResourcesBuildPhase section */

/* Begin PBXSourcesBuildPhase section */
		692927861E57F44600F4E7BA /* Sources */ = {
			isa = PBXSourcesBuildPhase;
			buildActionMask = 2147483647;
			files = (
				692927901E57F44600F4E7BA /* ViewController.swift in Sources */,
				692927CE1E57FA9900F4E7BA /* ObjectGraphConfigurator.swift in Sources */,
				697A3DE81E59094E001130FB /* ImageDownloader.swift in Sources */,
				692927C91E57F96000F4E7BA /* SongAPIClientProtocol.swift in Sources */,
				697A3DDC1E58E0EB001130FB /* SongListTableDataSourceProtocol.swift in Sources */,
				692927D01E58041C00F4E7BA /* Song.swift in Sources */,
				697A3DD81E58C365001130FB /* SongService.swift in Sources */,
				697A3DDA1E58DD11001130FB /* SongListViewController.swift in Sources */,
				697A3DD61E58C365001130FB /* SongAPIClientRest.swift in Sources */,
				692927961E57F44600F4E7BA /* MusicSearch.xcdatamodeld in Sources */,
				692927CB1E57F97F00F4E7BA /* SongParseClientProtocol.swift in Sources */,
				6929278E1E57F44600F4E7BA /* AppDelegate.swift in Sources */,
				692927D21E58081500F4E7BA /* Constants.swift in Sources */,
				697A3DDE1E58E50E001130FB /* SongListTableDataSource.swift in Sources */,
				697A3DE31E58E8C1001130FB /* SongCell.swift in Sources */,
				697A3DD71E58C365001130FB /* SongParseClientJson.swift in Sources */,
			);
			runOnlyForDeploymentPostprocessing = 0;
		};
		6929279D1E57F44700F4E7BA /* Sources */ = {
			isa = PBXSourcesBuildPhase;
			buildActionMask = 2147483647;
			files = (
				692927A61E57F44700F4E7BA /* MusicSearchTests.swift in Sources */,
			);
			runOnlyForDeploymentPostprocessing = 0;
		};
		692927A81E57F44700F4E7BA /* Sources */ = {
			isa = PBXSourcesBuildPhase;
			buildActionMask = 2147483647;
			files = (
				692927B11E57F44700F4E7BA /* MusicSearchUITests.swift in Sources */,
			);
			runOnlyForDeploymentPostprocessing = 0;
		};
/* End PBXSourcesBuildPhase section */

/* Begin PBXTargetDependency section */
		692927A31E57F44700F4E7BA /* PBXTargetDependency */ = {
			isa = PBXTargetDependency;
			target = 692927891E57F44600F4E7BA /* MusicSearch */;
			targetProxy = 692927A21E57F44700F4E7BA /* PBXContainerItemProxy */;
		};
		692927AE1E57F44700F4E7BA /* PBXTargetDependency */ = {
			isa = PBXTargetDependency;
			target = 692927891E57F44600F4E7BA /* MusicSearch */;
			targetProxy = 692927AD1E57F44700F4E7BA /* PBXContainerItemProxy */;
		};
/* End PBXTargetDependency section */

/* Begin PBXVariantGroup section */
		692927991E57F44600F4E7BA /* LaunchScreen.storyboard */ = {
			isa = PBXVariantGroup;
			children = (
				6929279A1E57F44600F4E7BA /* Base */,
			);
			name = LaunchScreen.storyboard;
			sourceTree = "<group>";
		};
/* End PBXVariantGroup section */

/* Begin XCBuildConfiguration section */
		692927B31E57F44700F4E7BA /* Debug */ = {
			isa = XCBuildConfiguration;
			buildSettings = {
				ALWAYS_SEARCH_USER_PATHS = NO;
				CLANG_ANALYZER_NONNULL = YES;
				CLANG_CXX_LANGUAGE_STANDARD = "gnu++0x";
				CLANG_CXX_LIBRARY = "libc++";
				CLANG_ENABLE_MODULES = YES;
				CLANG_ENABLE_OBJC_ARC = YES;
				CLANG_WARN_BOOL_CONVERSION = YES;
				CLANG_WARN_CONSTANT_CONVERSION = YES;
				CLANG_WARN_DIRECT_OBJC_ISA_USAGE = YES_ERROR;
				CLANG_WARN_DOCUMENTATION_COMMENTS = YES;
				CLANG_WARN_EMPTY_BODY = YES;
				CLANG_WARN_ENUM_CONVERSION = YES;
				CLANG_WARN_INFINITE_RECURSION = YES;
				CLANG_WARN_INT_CONVERSION = YES;
				CLANG_WARN_OBJC_ROOT_CLASS = YES_ERROR;
				CLANG_WARN_SUSPICIOUS_MOVE = YES;
				CLANG_WARN_UNREACHABLE_CODE = YES;
				CLANG_WARN__DUPLICATE_METHOD_MATCH = YES;
				"CODE_SIGN_IDENTITY[sdk=iphoneos*]" = "iPhone Developer";
				COPY_PHASE_STRIP = NO;
				DEBUG_INFORMATION_FORMAT = dwarf;
				ENABLE_STRICT_OBJC_MSGSEND = YES;
				ENABLE_TESTABILITY = YES;
				GCC_C_LANGUAGE_STANDARD = gnu99;
				GCC_DYNAMIC_NO_PIC = NO;
				GCC_NO_COMMON_BLOCKS = YES;
				GCC_OPTIMIZATION_LEVEL = 0;
				GCC_PREPROCESSOR_DEFINITIONS = (
					"DEBUG=1",
					"$(inherited)",
				);
				GCC_WARN_64_TO_32_BIT_CONVERSION = YES;
				GCC_WARN_ABOUT_RETURN_TYPE = YES_ERROR;
				GCC_WARN_UNDECLARED_SELECTOR = YES;
				GCC_WARN_UNINITIALIZED_AUTOS = YES_AGGRESSIVE;
				GCC_WARN_UNUSED_FUNCTION = YES;
				GCC_WARN_UNUSED_VARIABLE = YES;
				IPHONEOS_DEPLOYMENT_TARGET = 10.2;
				MTL_ENABLE_DEBUG_INFO = YES;
				ONLY_ACTIVE_ARCH = YES;
				SDKROOT = iphoneos;
				SWIFT_ACTIVE_COMPILATION_CONDITIONS = DEBUG;
				SWIFT_OPTIMIZATION_LEVEL = "-Onone";
				TARGETED_DEVICE_FAMILY = "1,2";
			};
			name = Debug;
		};
		692927B41E57F44700F4E7BA /* Release */ = {
			isa = XCBuildConfiguration;
			buildSettings = {
				ALWAYS_SEARCH_USER_PATHS = NO;
				CLANG_ANALYZER_NONNULL = YES;
				CLANG_CXX_LANGUAGE_STANDARD = "gnu++0x";
				CLANG_CXX_LIBRARY = "libc++";
				CLANG_ENABLE_MODULES = YES;
				CLANG_ENABLE_OBJC_ARC = YES;
				CLANG_WARN_BOOL_CONVERSION = YES;
				CLANG_WARN_CONSTANT_CONVERSION = YES;
				CLANG_WARN_DIRECT_OBJC_ISA_USAGE = YES_ERROR;
				CLANG_WARN_DOCUMENTATION_COMMENTS = YES;
				CLANG_WARN_EMPTY_BODY = YES;
				CLANG_WARN_ENUM_CONVERSION = YES;
				CLANG_WARN_INFINITE_RECURSION = YES;
				CLANG_WARN_INT_CONVERSION = YES;
				CLANG_WARN_OBJC_ROOT_CLASS = YES_ERROR;
				CLANG_WARN_SUSPICIOUS_MOVE = YES;
				CLANG_WARN_UNREACHABLE_CODE = YES;
				CLANG_WARN__DUPLICATE_METHOD_MATCH = YES;
				"CODE_SIGN_IDENTITY[sdk=iphoneos*]" = "iPhone Developer";
				COPY_PHASE_STRIP = NO;
				DEBUG_INFORMATION_FORMAT = "dwarf-with-dsym";
				ENABLE_NS_ASSERTIONS = NO;
				ENABLE_STRICT_OBJC_MSGSEND = YES;
				GCC_C_LANGUAGE_STANDARD = gnu99;
				GCC_NO_COMMON_BLOCKS = YES;
				GCC_WARN_64_TO_32_BIT_CONVERSION = YES;
				GCC_WARN_ABOUT_RETURN_TYPE = YES_ERROR;
				GCC_WARN_UNDECLARED_SELECTOR = YES;
				GCC_WARN_UNINITIALIZED_AUTOS = YES_AGGRESSIVE;
				GCC_WARN_UNUSED_FUNCTION = YES;
				GCC_WARN_UNUSED_VARIABLE = YES;
				IPHONEOS_DEPLOYMENT_TARGET = 10.2;
				MTL_ENABLE_DEBUG_INFO = NO;
				SDKROOT = iphoneos;
				SWIFT_OPTIMIZATION_LEVEL = "-Owholemodule";
				TARGETED_DEVICE_FAMILY = "1,2";
				VALIDATE_PRODUCT = YES;
			};
			name = Release;
		};
		692927B61E57F44700F4E7BA /* Debug */ = {
			isa = XCBuildConfiguration;
			buildSettings = {
				ASSETCATALOG_COMPILER_APPICON_NAME = AppIcon;
				INFOPLIST_FILE = MusicSearch/Info.plist;
				IPHONEOS_DEPLOYMENT_TARGET = 10.2;
				LD_RUNPATH_SEARCH_PATHS = "$(inherited) @executable_path/Frameworks";
				PRODUCT_BUNDLE_IDENTIFIER = JPMC.MusicSearch;
				PRODUCT_NAME = "$(TARGET_NAME)";
				SWIFT_VERSION = 3.0;
				TARGETED_DEVICE_FAMILY = "1,2";
			};
			name = Debug;
		};
		692927B71E57F44700F4E7BA /* Release */ = {
			isa = XCBuildConfiguration;
			buildSettings = {
				ASSETCATALOG_COMPILER_APPICON_NAME = AppIcon;
				INFOPLIST_FILE = MusicSearch/Info.plist;
				IPHONEOS_DEPLOYMENT_TARGET = 10.2;
				LD_RUNPATH_SEARCH_PATHS = "$(inherited) @executable_path/Frameworks";
				PRODUCT_BUNDLE_IDENTIFIER = JPMC.MusicSearch;
				PRODUCT_NAME = "$(TARGET_NAME)";
				SWIFT_VERSION = 3.0;
				TARGETED_DEVICE_FAMILY = "1,2";
			};
			name = Release;
		};
		692927B91E57F44700F4E7BA /* Debug */ = {
			isa = XCBuildConfiguration;
			buildSettings = {
				ALWAYS_EMBED_SWIFT_STANDARD_LIBRARIES = YES;
				BUNDLE_LOADER = "$(TEST_HOST)";
				INFOPLIST_FILE = MusicSearchTests/Info.plist;
				LD_RUNPATH_SEARCH_PATHS = "$(inherited) @executable_path/Frameworks @loader_path/Frameworks";
				PRODUCT_BUNDLE_IDENTIFIER = JPMC.MusicSearchTests;
				PRODUCT_NAME = "$(TARGET_NAME)";
				SWIFT_VERSION = 3.0;
				TEST_HOST = "$(BUILT_PRODUCTS_DIR)/MusicSearch.app/MusicSearch";
			};
			name = Debug;
		};
		692927BA1E57F44700F4E7BA /* Release */ = {
			isa = XCBuildConfiguration;
			buildSettings = {
				ALWAYS_EMBED_SWIFT_STANDARD_LIBRARIES = YES;
				BUNDLE_LOADER = "$(TEST_HOST)";
				INFOPLIST_FILE = MusicSearchTests/Info.plist;
				LD_RUNPATH_SEARCH_PATHS = "$(inherited) @executable_path/Frameworks @loader_path/Frameworks";
				PRODUCT_BUNDLE_IDENTIFIER = JPMC.MusicSearchTests;
				PRODUCT_NAME = "$(TARGET_NAME)";
				SWIFT_VERSION = 3.0;
				TEST_HOST = "$(BUILT_PRODUCTS_DIR)/MusicSearch.app/MusicSearch";
			};
			name = Release;
		};
		692927BC1E57F44700F4E7BA /* Debug */ = {
			isa = XCBuildConfiguration;
			buildSettings = {
				ALWAYS_EMBED_SWIFT_STANDARD_LIBRARIES = YES;
				INFOPLIST_FILE = MusicSearchUITests/Info.plist;
				LD_RUNPATH_SEARCH_PATHS = "$(inherited) @executable_path/Frameworks @loader_path/Frameworks";
				PRODUCT_BUNDLE_IDENTIFIER = JPMC.MusicSearchUITests;
				PRODUCT_NAME = "$(TARGET_NAME)";
				SWIFT_VERSION = 3.0;
				TEST_TARGET_NAME = MusicSearch;
			};
			name = Debug;
		};
		692927BD1E57F44700F4E7BA /* Release */ = {
			isa = XCBuildConfiguration;
			buildSettings = {
				ALWAYS_EMBED_SWIFT_STANDARD_LIBRARIES = YES;
				INFOPLIST_FILE = MusicSearchUITests/Info.plist;
				LD_RUNPATH_SEARCH_PATHS = "$(inherited) @executable_path/Frameworks @loader_path/Frameworks";
				PRODUCT_BUNDLE_IDENTIFIER = JPMC.MusicSearchUITests;
				PRODUCT_NAME = "$(TARGET_NAME)";
				SWIFT_VERSION = 3.0;
				TEST_TARGET_NAME = MusicSearch;
			};
			name = Release;
		};
/* End XCBuildConfiguration section */

/* Begin XCConfigurationList section */
		692927851E57F44600F4E7BA /* Build configuration list for PBXProject "MusicSearch" */ = {
			isa = XCConfigurationList;
			buildConfigurations = (
				692927B31E57F44700F4E7BA /* Debug */,
				692927B41E57F44700F4E7BA /* Release */,
			);
			defaultConfigurationIsVisible = 0;
			defaultConfigurationName = Release;
		};
		692927B51E57F44700F4E7BA /* Build configuration list for PBXNativeTarget "MusicSearch" */ = {
			isa = XCConfigurationList;
			buildConfigurations = (
				692927B61E57F44700F4E7BA /* Debug */,
				692927B71E57F44700F4E7BA /* Release */,
			);
			defaultConfigurationIsVisible = 0;
			defaultConfigurationName = Release;
		};
		692927B81E57F44700F4E7BA /* Build configuration list for PBXNativeTarget "MusicSearchTests" */ = {
			isa = XCConfigurationList;
			buildConfigurations = (
				692927B91E57F44700F4E7BA /* Debug */,
				692927BA1E57F44700F4E7BA /* Release */,
			);
			defaultConfigurationIsVisible = 0;
			defaultConfigurationName = Release;
		};
		692927BB1E57F44700F4E7BA /* Build configuration list for PBXNativeTarget "MusicSearchUITests" */ = {
			isa = XCConfigurationList;
			buildConfigurations = (
				692927BC1E57F44700F4E7BA /* Debug */,
				692927BD1E57F44700F4E7BA /* Release */,
			);
			defaultConfigurationIsVisible = 0;
			defaultConfigurationName = Release;
		};
/* End XCConfigurationList section */

/* Begin XCVersionGroup section */
		692927941E57F44600F4E7BA /* MusicSearch.xcdatamodeld */ = {
			isa = XCVersionGroup;
			children = (
				692927951E57F44600F4E7BA /* MusicSearch.xcdatamodel */,
			);
			currentVersion = 692927951E57F44600F4E7BA /* MusicSearch.xcdatamodel */;
			path = MusicSearch.xcdatamodeld;
			sourceTree = "<group>";
			versionGroupType = wrapper.xcdatamodel;
		};
/* End XCVersionGroup section */
	};
	rootObject = 692927821E57F44600F4E7BA /* Project object */;
}
